{
  "name": "AI-RESUME",
  "lockfileVersion": 3,
  "requires": true,
  "packages": {
    "": {
      "dependencies": {
        "node.js": "^0.0.1-security",
        "streamlit": "^2.51.2"
      }
    },
    "node_modules/node.js": {
      "version": "0.0.1-security",
      "resolved": "https://registry.npmjs.org/node.js/-/node.js-0.0.1-security.tgz",
      "integrity": "sha512-8tWQiyg/3ggdLTrtfgj/NxmZpC20eB1U5VNkqt2dbelpcr3NrfjpEE3DgifpBOCJ4Xu9Obvu8iju63ViQW3Hvg=="
    },
    "node_modules/streamlit": {
      "version": "2.51.2",
      "resolved": "https://registry.npmjs.org/streamlit/-/streamlit-2.51.2.tgz",
      "integrity": "sha512-ZMF3Z7ueouGnw98p+T96hFKrTAIBiY1Iz9D5qPQXBOi8+2RkBCmzInBnjZZa9abQVrlsAbndns+6E3aiYs9EGQ==",
      "license": "ISC"
    }
  }
}
